
Microsoft Visual Studio Solution File, Format Version 12.00
# Visual Studio Version 17
VisualStudioVersion = 17.4.33403.182
MinimumVisualStudioVersion = 10.0.40219.1
Project("{FAE04EC0-301F-11D3-BF4B-00C04F79EFBC}") = "project_sharp", "project_sharp\project_sharp.csproj", "{D7DF331A-F320-4F7B-8CCD-6FF3C346564D}"
EndProject
Global
	GlobalSection(SolutionConfigurationPlatforms) = preSolution
		Debug|Any CPU = Debug|Any CPU
		Release|Any CPU = Release|Any CPU
	EndGlobalSection
	GlobalSection(ProjectConfigurationPlatforms) = postSolution
		{D7DF331A-F320-4F7B-8CCD-6FF3C346564D}.Debug|Any CPU.ActiveCfg = Debug|Any CPU
		{D7DF331A-F320-4F7B-8CCD-6FF3C346564D}.Debug|Any CPU.Build.0 = Debug|Any CPU
		{D7DF331A-F320-4F7B-8CCD-6FF3C346564D}.Release|Any CPU.ActiveCfg = Release|Any CPU
		{D7DF331A-F320-4F7B-8CCD-6FF3C346564D}.Release|Any CPU.Build.0 = Release|Any CPU
	EndGlobalSection
	GlobalSection(SolutionProperties) = preSolution
		HideSolutionNode = FALSE
	EndGlobalSection
	GlobalSection(ExtensibilityGlobals) = postSolution
		SolutionGuid = {F0082823-33B5-4618-84DD-B8FEA5B69BE6}
	EndGlobalSection
EndGlobal
